
Microsoft Visual Studio Solution File, Format Version 12.00
# Visual Studio Version 16
VisualStudioVersion = 16.0.29306.81
MinimumVisualStudioVersion = 10.0.40219.1
Project("{FAE04EC0-301F-11D3-BF4B-00C04F79EFBC}") = "MemoryCacheExtensions", "MemoryCacheExtensions\MemoryCacheExtensions.csproj", "{ADF68F44-38C7-49FF-8415-980F48267CCE}"
EndProject
Project("{FAE04EC0-301F-11D3-BF4B-00C04F79EFBC}") = "MemoryCacheExtensionsTest", "MemoryCacheExtensionsTest\MemoryCacheExtensionsTest.csproj", "{9C3FA8FA-8F94-4C43-98B2-43D6633A92A7}"
EndProject
Global
	GlobalSection(SolutionConfigurationPlatforms) = preSolution
		Debug|Any CPU = Debug|Any CPU
		Release|Any CPU = Release|Any CPU
	EndGlobalSection
	GlobalSection(ProjectConfigurationPlatforms) = postSolution
		{ADF68F44-38C7-49FF-8415-980F48267CCE}.Debug|Any CPU.ActiveCfg = Debug|Any CPU
		{ADF68F44-38C7-49FF-8415-980F48267CCE}.Debug|Any CPU.Build.0 = Debug|Any CPU
		{ADF68F44-38C7-49FF-8415-980F48267CCE}.Release|Any CPU.ActiveCfg = Release|Any CPU
		{ADF68F44-38C7-49FF-8415-980F48267CCE}.Release|Any CPU.Build.0 = Release|Any CPU
		{9C3FA8FA-8F94-4C43-98B2-43D6633A92A7}.Debug|Any CPU.ActiveCfg = Debug|Any CPU
		{9C3FA8FA-8F94-4C43-98B2-43D6633A92A7}.Debug|Any CPU.Build.0 = Debug|Any CPU
		{9C3FA8FA-8F94-4C43-98B2-43D6633A92A7}.Release|Any CPU.ActiveCfg = Release|Any CPU
		{9C3FA8FA-8F94-4C43-98B2-43D6633A92A7}.Release|Any CPU.Build.0 = Release|Any CPU
	EndGlobalSection
	GlobalSection(SolutionProperties) = preSolution
		HideSolutionNode = FALSE
	EndGlobalSection
	GlobalSection(ExtensibilityGlobals) = postSolution
		SolutionGuid = {EB5885E4-B854-4242-B3CC-87E870DE6153}
	EndGlobalSection
EndGlobal
